// !$*UTF8*$!
{
	archiveVersion = 1;
	classes = {
	};
	objectVersion = 56;
	objects = {

/* Begin PBXBuildFile section */
		ECCA1A792B761CD600EB4BD1 /* AppDelegate.swift in Sources */ = {isa = PBXBuildFile; fileRef = ECCA1A782B761CD600EB4BD1 /* AppDelegate.swift */; };
		ECCA1A7B2B761CD600EB4BD1 /* SceneDelegate.swift in Sources */ = {isa = PBXBuildFile; fileRef = ECCA1A7A2B761CD600EB4BD1 /* SceneDelegate.swift */; };
		ECCA1A822B761CD800EB4BD1 /* Assets.xcassets in Resources */ = {isa = PBXBuildFile; fileRef = ECCA1A812B761CD800EB4BD1 /* Assets.xcassets */; };
		ECCA1A852B761CD800EB4BD1 /* LaunchScreen.storyboard in Resources */ = {isa = PBXBuildFile; fileRef = ECCA1A832B761CD800EB4BD1 /* LaunchScreen.storyboard */; };
		ECCA1A8E2B761D5E00EB4BD1 /* MainViewController.swift in Sources */ = {isa = PBXBuildFile; fileRef = ECCA1A8D2B761D5E00EB4BD1 /* MainViewController.swift */; };
		ECCA1A902B761DEC00EB4BD1 /* MainView.swift in Sources */ = {isa = PBXBuildFile; fileRef = ECCA1A8F2B761DEC00EB4BD1 /* MainView.swift */; };
		ECCA1A932B761EA500EB4BD1 /* SnapKit in Frameworks */ = {isa = PBXBuildFile; productRef = ECCA1A922B761EA500EB4BD1 /* SnapKit */; };
		ECCA1A962B761EB100EB4BD1 /* Alamofire in Frameworks */ = {isa = PBXBuildFile; productRef = ECCA1A952B761EB100EB4BD1 /* Alamofire */; };
		ECCA1A982B76243A00EB4BD1 /* MainSection.swift in Sources */ = {isa = PBXBuildFile; fileRef = ECCA1A972B76243A00EB4BD1 /* MainSection.swift */; };
		ECCA1A9B2B76256F00EB4BD1 /* NowTableViewCell.swift in Sources */ = {isa = PBXBuildFile; fileRef = ECCA1A9A2B76256F00EB4BD1 /* NowTableViewCell.swift */; };
		ECCA1A9E2B76269700EB4BD1 /* FontDesign.swift in Sources */ = {isa = PBXBuildFile; fileRef = ECCA1A9D2B76269700EB4BD1 /* FontDesign.swift */; };
		ECCA1AA02B76270E00EB4BD1 /* ColorDesign.swift in Sources */ = {isa = PBXBuildFile; fileRef = ECCA1A9F2B76270E00EB4BD1 /* ColorDesign.swift */; };
		ECCA1AA32B7627A200EB4BD1 /* UIViewExtensions.swift in Sources */ = {isa = PBXBuildFile; fileRef = ECCA1AA22B7627A200EB4BD1 /* UIViewExtensions.swift */; };
		ECCA1AA52B762AB100EB4BD1 /* UILabelExtensions.swift in Sources */ = {isa = PBXBuildFile; fileRef = ECCA1AA42B762AB100EB4BD1 /* UILabelExtensions.swift */; };
		ECCA1AA72B762BB200EB4BD1 /* Protocols.swift in Sources */ = {isa = PBXBuildFile; fileRef = ECCA1AA62B762BB200EB4BD1 /* Protocols.swift */; };
		ECCA1AAC2B77453400EB4BD1 /* ThreeTimeTableViewCell.swift in Sources */ = {isa = PBXBuildFile; fileRef = ECCA1AAB2B77453400EB4BD1 /* ThreeTimeTableViewCell.swift */; };
		ECCA1AAE2B77464100EB4BD1 /* .gitignore in Resources */ = {isa = PBXBuildFile; fileRef = ECCA1AAD2B77464100EB4BD1 /* .gitignore */; };
		ECCA1AB02B77465400EB4BD1 /* APIKey.swift in Sources */ = {isa = PBXBuildFile; fileRef = ECCA1AAF2B77465400EB4BD1 /* APIKey.swift */; };
		ECCA1AB32B7746A000EB4BD1 /* OpenWeatherManager.swift in Sources */ = {isa = PBXBuildFile; fileRef = ECCA1AB22B7746A000EB4BD1 /* OpenWeatherManager.swift */; };
		ECCA1AB52B77477F00EB4BD1 /* OpenWeatherAPI.swift in Sources */ = {isa = PBXBuildFile; fileRef = ECCA1AB42B77477F00EB4BD1 /* OpenWeatherAPI.swift */; };
		ECCA1AB82B7749E800EB4BD1 /* WeatherInfo.swift in Sources */ = {isa = PBXBuildFile; fileRef = ECCA1AB72B7749E800EB4BD1 /* WeatherInfo.swift */; };
		ECCA1ABA2B774D5400EB4BD1 /* WeatherData.swift in Sources */ = {isa = PBXBuildFile; fileRef = ECCA1AB92B774D5400EB4BD1 /* WeatherData.swift */; };
		ECCA1ABC2B77513000EB4BD1 /* ThreeTimeCollectionViewCell.swift in Sources */ = {isa = PBXBuildFile; fileRef = ECCA1ABB2B77513000EB4BD1 /* ThreeTimeCollectionViewCell.swift */; };
		ECCA1ABE2B7766F900EB4BD1 /* ForecastWeatherInfo.swift in Sources */ = {isa = PBXBuildFile; fileRef = ECCA1ABD2B7766F900EB4BD1 /* ForecastWeatherInfo.swift */; };
		ECCA1AC12B776B0F00EB4BD1 /* Kingfisher in Frameworks */ = {isa = PBXBuildFile; productRef = ECCA1AC02B776B0F00EB4BD1 /* Kingfisher */; };
		ECCA1AC42B77772A00EB4BD1 /* FiveDayTableViewCell.swift in Sources */ = {isa = PBXBuildFile; fileRef = ECCA1AC32B77772A00EB4BD1 /* FiveDayTableViewCell.swift */; };
		ECCA1AC62B7897F000EB4BD1 /* DateFunctions.swift in Sources */ = {isa = PBXBuildFile; fileRef = ECCA1AC52B7897F000EB4BD1 /* DateFunctions.swift */; };
/* End PBXBuildFile section */

/* Begin PBXFileReference section */
		ECCA1A752B761CD600EB4BD1 /* Weather.app */ = {isa = PBXFileReference; explicitFileType = wrapper.application; includeInIndex = 0; path = Weather.app; sourceTree = BUILT_PRODUCTS_DIR; };
		ECCA1A782B761CD600EB4BD1 /* AppDelegate.swift */ = {isa = PBXFileReference; lastKnownFileType = sourcecode.swift; path = AppDelegate.swift; sourceTree = "<group>"; };
		ECCA1A7A2B761CD600EB4BD1 /* SceneDelegate.swift */ = {isa = PBXFileReference; lastKnownFileType = sourcecode.swift; path = SceneDelegate.swift; sourceTree = "<group>"; };
		ECCA1A812B761CD800EB4BD1 /* Assets.xcassets */ = {isa = PBXFileReference; lastKnownFileType = folder.assetcatalog; path = Assets.xcassets; sourceTree = "<group>"; };
		ECCA1A842B761CD800EB4BD1 /* Base */ = {isa = PBXFileReference; lastKnownFileType = file.storyboard; name = Base; path = Base.lproj/LaunchScreen.storyboard; sourceTree = "<group>"; };
		ECCA1A862B761CD800EB4BD1 /* Info.plist */ = {isa = PBXFileReference; lastKnownFileType = text.plist.xml; path = Info.plist; sourceTree = "<group>"; };
		ECCA1A8D2B761D5E00EB4BD1 /* MainViewController.swift */ = {isa = PBXFileReference; lastKnownFileType = sourcecode.swift; path = MainViewController.swift; sourceTree = "<group>"; };
		ECCA1A8F2B761DEC00EB4BD1 /* MainView.swift */ = {isa = PBXFileReference; lastKnownFileType = sourcecode.swift; path = MainView.swift; sourceTree = "<group>"; };
		ECCA1A972B76243A00EB4BD1 /* MainSection.swift */ = {isa = PBXFileReference; lastKnownFileType = sourcecode.swift; path = MainSection.swift; sourceTree = "<group>"; };
		ECCA1A9A2B76256F00EB4BD1 /* NowTableViewCell.swift */ = {isa = PBXFileReference; lastKnownFileType = sourcecode.swift; path = NowTableViewCell.swift; sourceTree = "<group>"; };
		ECCA1A9D2B76269700EB4BD1 /* FontDesign.swift */ = {isa = PBXFileReference; lastKnownFileType = sourcecode.swift; path = FontDesign.swift; sourceTree = "<group>"; };
		ECCA1A9F2B76270E00EB4BD1 /* ColorDesign.swift */ = {isa = PBXFileReference; lastKnownFileType = sourcecode.swift; path = ColorDesign.swift; sourceTree = "<group>"; };
		ECCA1AA22B7627A200EB4BD1 /* UIViewExtensions.swift */ = {isa = PBXFileReference; lastKnownFileType = sourcecode.swift; path = UIViewExtensions.swift; sourceTree = "<group>"; };
		ECCA1AA42B762AB100EB4BD1 /* UILabelExtensions.swift */ = {isa = PBXFileReference; lastKnownFileType = sourcecode.swift; path = UILabelExtensions.swift; sourceTree = "<group>"; };
		ECCA1AA62B762BB200EB4BD1 /* Protocols.swift */ = {isa = PBXFileReference; lastKnownFileType = sourcecode.swift; path = Protocols.swift; sourceTree = "<group>"; };
		ECCA1AAB2B77453400EB4BD1 /* ThreeTimeTableViewCell.swift */ = {isa = PBXFileReference; lastKnownFileType = sourcecode.swift; path = ThreeTimeTableViewCell.swift; sourceTree = "<group>"; };
		ECCA1AAD2B77464100EB4BD1 /* .gitignore */ = {isa = PBXFileReference; lastKnownFileType = text; path = .gitignore; sourceTree = "<group>"; };
		ECCA1AAF2B77465400EB4BD1 /* APIKey.swift */ = {isa = PBXFileReference; lastKnownFileType = sourcecode.swift; path = APIKey.swift; sourceTree = "<group>"; };
		ECCA1AB22B7746A000EB4BD1 /* OpenWeatherManager.swift */ = {isa = PBXFileReference; lastKnownFileType = sourcecode.swift; path = OpenWeatherManager.swift; sourceTree = "<group>"; };
		ECCA1AB42B77477F00EB4BD1 /* OpenWeatherAPI.swift */ = {isa = PBXFileReference; lastKnownFileType = sourcecode.swift; path = OpenWeatherAPI.swift; sourceTree = "<group>"; };
		ECCA1AB72B7749E800EB4BD1 /* WeatherInfo.swift */ = {isa = PBXFileReference; lastKnownFileType = sourcecode.swift; path = WeatherInfo.swift; sourceTree = "<group>"; };
		ECCA1AB92B774D5400EB4BD1 /* WeatherData.swift */ = {isa = PBXFileReference; lastKnownFileType = sourcecode.swift; path = WeatherData.swift; sourceTree = "<group>"; };
		ECCA1ABB2B77513000EB4BD1 /* ThreeTimeCollectionViewCell.swift */ = {isa = PBXFileReference; lastKnownFileType = sourcecode.swift; path = ThreeTimeCollectionViewCell.swift; sourceTree = "<group>"; };
		ECCA1ABD2B7766F900EB4BD1 /* ForecastWeatherInfo.swift */ = {isa = PBXFileReference; lastKnownFileType = sourcecode.swift; path = ForecastWeatherInfo.swift; sourceTree = "<group>"; };
		ECCA1AC32B77772A00EB4BD1 /* FiveDayTableViewCell.swift */ = {isa = PBXFileReference; lastKnownFileType = sourcecode.swift; path = FiveDayTableViewCell.swift; sourceTree = "<group>"; };
		ECCA1AC52B7897F000EB4BD1 /* DateFunctions.swift */ = {isa = PBXFileReference; lastKnownFileType = sourcecode.swift; path = DateFunctions.swift; sourceTree = "<group>"; };
/* End PBXFileReference section */

/* Begin PBXFrameworksBuildPhase section */
		ECCA1A722B761CD600EB4BD1 /* Frameworks */ = {
			isa = PBXFrameworksBuildPhase;
			buildActionMask = 2147483647;
			files = (
				ECCA1AC12B776B0F00EB4BD1 /* Kingfisher in Frameworks */,
				ECCA1A932B761EA500EB4BD1 /* SnapKit in Frameworks */,
				ECCA1A962B761EB100EB4BD1 /* Alamofire in Frameworks */,
			);
			runOnlyForDeploymentPostprocessing = 0;
		};
/* End PBXFrameworksBuildPhase section */

/* Begin PBXGroup section */
		ECCA1A6C2B761CD600EB4BD1 = {
			isa = PBXGroup;
			children = (
				ECCA1AAD2B77464100EB4BD1 /* .gitignore */,
				ECCA1A772B761CD600EB4BD1 /* Weather */,
				ECCA1A762B761CD600EB4BD1 /* Products */,
			);
			sourceTree = "<group>";
		};
		ECCA1A762B761CD600EB4BD1 /* Products */ = {
			isa = PBXGroup;
			children = (
				ECCA1A752B761CD600EB4BD1 /* Weather.app */,
			);
			name = Products;
			sourceTree = "<group>";
		};
		ECCA1A772B761CD600EB4BD1 /* Weather */ = {
			isa = PBXGroup;
			children = (
				ECCA1AAF2B77465400EB4BD1 /* APIKey.swift */,
				ECCA1AA62B762BB200EB4BD1 /* Protocols.swift */,
				ECCA1A9C2B76268100EB4BD1 /* Design */,
				ECCA1AB62B7749D600EB4BD1 /* Data */,
				ECCA1AB12B77468D00EB4BD1 /* Network */,
				ECCA1AA12B76278F00EB4BD1 /* Extension */,
				ECCA1A8C2B761D5100EB4BD1 /* Main */,
				ECCA1A992B76255700EB4BD1 /* Now */,
				ECCA1AAA2B77450E00EB4BD1 /* ThreeTime */,
				ECCA1AC22B77770900EB4BD1 /* FiveDay */,
				ECCA1A782B761CD600EB4BD1 /* AppDelegate.swift */,
				ECCA1A7A2B761CD600EB4BD1 /* SceneDelegate.swift */,
				ECCA1A812B761CD800EB4BD1 /* Assets.xcassets */,
				ECCA1A832B761CD800EB4BD1 /* LaunchScreen.storyboard */,
				ECCA1A862B761CD800EB4BD1 /* Info.plist */,
			);
			path = Weather;
			sourceTree = "<group>";
		};
		ECCA1A8C2B761D5100EB4BD1 /* Main */ = {
			isa = PBXGroup;
			children = (
				ECCA1A972B76243A00EB4BD1 /* MainSection.swift */,
				ECCA1A8F2B761DEC00EB4BD1 /* MainView.swift */,
				ECCA1A8D2B761D5E00EB4BD1 /* MainViewController.swift */,
			);
			path = Main;
			sourceTree = "<group>";
		};
		ECCA1A992B76255700EB4BD1 /* Now */ = {
			isa = PBXGroup;
			children = (
				ECCA1A9A2B76256F00EB4BD1 /* NowTableViewCell.swift */,
			);
			path = Now;
			sourceTree = "<group>";
		};
		ECCA1A9C2B76268100EB4BD1 /* Design */ = {
			isa = PBXGroup;
			children = (
				ECCA1A9D2B76269700EB4BD1 /* FontDesign.swift */,
				ECCA1A9F2B76270E00EB4BD1 /* ColorDesign.swift */,
			);
			path = Design;
			sourceTree = "<group>";
		};
		ECCA1AA12B76278F00EB4BD1 /* Extension */ = {
			isa = PBXGroup;
			children = (
				ECCA1AA22B7627A200EB4BD1 /* UIViewExtensions.swift */,
				ECCA1AA42B762AB100EB4BD1 /* UILabelExtensions.swift */,
			);
			path = Extension;
			sourceTree = "<group>";
		};
		ECCA1AAA2B77450E00EB4BD1 /* ThreeTime */ = {
			isa = PBXGroup;
			children = (
				ECCA1AAB2B77453400EB4BD1 /* ThreeTimeTableViewCell.swift */,
				ECCA1ABB2B77513000EB4BD1 /* ThreeTimeCollectionViewCell.swift */,
			);
			path = ThreeTime;
			sourceTree = "<group>";
		};
		ECCA1AB12B77468D00EB4BD1 /* Network */ = {
			isa = PBXGroup;
			children = (
				ECCA1AB42B77477F00EB4BD1 /* OpenWeatherAPI.swift */,
				ECCA1AB22B7746A000EB4BD1 /* OpenWeatherManager.swift */,
			);
			path = Network;
			sourceTree = "<group>";
		};
		ECCA1AB62B7749D600EB4BD1 /* Data */ = {
			isa = PBXGroup;
			children = (
				ECCA1AB92B774D5400EB4BD1 /* WeatherData.swift */,
				ECCA1AB72B7749E800EB4BD1 /* WeatherInfo.swift */,
				ECCA1ABD2B7766F900EB4BD1 /* ForecastWeatherInfo.swift */,
				ECCA1AC52B7897F000EB4BD1 /* DateFunctions.swift */,
			);
			path = Data;
			sourceTree = "<group>";
		};
		ECCA1AC22B77770900EB4BD1 /* FiveDay */ = {
			isa = PBXGroup;
			children = (
				ECCA1AC32B77772A00EB4BD1 /* FiveDayTableViewCell.swift */,
			);
			path = FiveDay;
			sourceTree = "<group>";
		};
/* End PBXGroup section */

/* Begin PBXNativeTarget section */
		ECCA1A742B761CD600EB4BD1 /* Weather */ = {
			isa = PBXNativeTarget;
			buildConfigurationList = ECCA1A892B761CD800EB4BD1 /* Build configuration list for PBXNativeTarget "Weather" */;
			buildPhases = (
				ECCA1A712B761CD600EB4BD1 /* Sources */,
				ECCA1A722B761CD600EB4BD1 /* Frameworks */,
				ECCA1A732B761CD600EB4BD1 /* Resources */,
			);
			buildRules = (
			);
			dependencies = (
			);
			name = Weather;
			packageProductDependencies = (
				ECCA1A922B761EA500EB4BD1 /* SnapKit */,
				ECCA1A952B761EB100EB4BD1 /* Alamofire */,
				ECCA1AC02B776B0F00EB4BD1 /* Kingfisher */,
			);
			productName = Weather;
			productReference = ECCA1A752B761CD600EB4BD1 /* Weather.app */;
			productType = "com.apple.product-type.application";
		};
/* End PBXNativeTarget section */

/* Begin PBXProject section */
		ECCA1A6D2B761CD600EB4BD1 /* Project object */ = {
			isa = PBXProject;
			attributes = {
				BuildIndependentTargetsInParallel = 1;
				LastSwiftUpdateCheck = 1520;
				LastUpgradeCheck = 1520;
				TargetAttributes = {
					ECCA1A742B761CD600EB4BD1 = {
						CreatedOnToolsVersion = 15.2;
					};
				};
			};
			buildConfigurationList = ECCA1A702B761CD600EB4BD1 /* Build configuration list for PBXProject "Weather" */;
			compatibilityVersion = "Xcode 14.0";
			developmentRegion = en;
			hasScannedForEncodings = 0;
			knownRegions = (
				en,
				Base,
			);
			mainGroup = ECCA1A6C2B761CD600EB4BD1;
			packageReferences = (
				ECCA1A912B761EA500EB4BD1 /* XCRemoteSwiftPackageReference "SnapKit" */,
				ECCA1A942B761EB100EB4BD1 /* XCRemoteSwiftPackageReference "Alamofire" */,
				ECCA1ABF2B776B0F00EB4BD1 /* XCRemoteSwiftPackageReference "Kingfisher" */,
			);
			productRefGroup = ECCA1A762B761CD600EB4BD1 /* Products */;
			projectDirPath = "";
			projectRoot = "";
			targets = (
				ECCA1A742B761CD600EB4BD1 /* Weather */,
			);
		};
/* End PBXProject section */

/* Begin PBXResourcesBuildPhase section */
		ECCA1A732B761CD600EB4BD1 /* Resources */ = {
			isa = PBXResourcesBuildPhase;
			buildActionMask = 2147483647;
			files = (
				ECCA1A852B761CD800EB4BD1 /* LaunchScreen.storyboard in Resources */,
				ECCA1AAE2B77464100EB4BD1 /* .gitignore in Resources */,
				ECCA1A822B761CD800EB4BD1 /* Assets.xcassets in Resources */,
			);
			runOnlyForDeploymentPostprocessing = 0;
		};
/* End PBXResourcesBuildPhase section */

/* Begin PBXSourcesBuildPhase section */
		ECCA1A712B761CD600EB4BD1 /* Sources */ = {
			isa = PBXSourcesBuildPhase;
			buildActionMask = 2147483647;
			files = (
				ECCA1A8E2B761D5E00EB4BD1 /* MainViewController.swift in Sources */,
				ECCA1AAC2B77453400EB4BD1 /* ThreeTimeTableViewCell.swift in Sources */,
				ECCA1A902B761DEC00EB4BD1 /* MainView.swift in Sources */,
				ECCA1AA52B762AB100EB4BD1 /* UILabelExtensions.swift in Sources */,
				ECCA1AA72B762BB200EB4BD1 /* Protocols.swift in Sources */,
				ECCA1A792B761CD600EB4BD1 /* AppDelegate.swift in Sources */,
				ECCA1A9E2B76269700EB4BD1 /* FontDesign.swift in Sources */,
				ECCA1A982B76243A00EB4BD1 /* MainSection.swift in Sources */,
				ECCA1AB82B7749E800EB4BD1 /* WeatherInfo.swift in Sources */,
				ECCA1AA02B76270E00EB4BD1 /* ColorDesign.swift in Sources */,
				ECCA1AB32B7746A000EB4BD1 /* OpenWeatherManager.swift in Sources */,
				ECCA1ABE2B7766F900EB4BD1 /* ForecastWeatherInfo.swift in Sources */,
				ECCA1A9B2B76256F00EB4BD1 /* NowTableViewCell.swift in Sources */,
				ECCA1AB52B77477F00EB4BD1 /* OpenWeatherAPI.swift in Sources */,
				ECCA1ABA2B774D5400EB4BD1 /* WeatherData.swift in Sources */,
				ECCA1AA32B7627A200EB4BD1 /* UIViewExtensions.swift in Sources */,
				ECCA1AC42B77772A00EB4BD1 /* FiveDayTableViewCell.swift in Sources */,
				ECCA1AB02B77465400EB4BD1 /* APIKey.swift in Sources */,
				ECCA1ABC2B77513000EB4BD1 /* ThreeTimeCollectionViewCell.swift in Sources */,
				ECCA1AC62B7897F000EB4BD1 /* DateFunctions.swift in Sources */,
				ECCA1A7B2B761CD600EB4BD1 /* SceneDelegate.swift in Sources */,
			);
			runOnlyForDeploymentPostprocessing = 0;
		};
/* End PBXSourcesBuildPhase section */

/* Begin PBXVariantGroup section */
		ECCA1A832B761CD800EB4BD1 /* LaunchScreen.storyboard */ = {
			isa = PBXVariantGroup;
			children = (
				ECCA1A842B761CD800EB4BD1 /* Base */,
			);
			name = LaunchScreen.storyboard;
			sourceTree = "<group>";
		};
/* End PBXVariantGroup section */

/* Begin XCBuildConfiguration section */
		ECCA1A872B761CD800EB4BD1 /* Debug */ = {
			isa = XCBuildConfiguration;
			buildSettings = {
				ALWAYS_SEARCH_USER_PATHS = NO;
				ASSETCATALOG_COMPILER_GENERATE_SWIFT_ASSET_SYMBOL_EXTENSIONS = YES;
				CLANG_ANALYZER_NONNULL = YES;
				CLANG_ANALYZER_NUMBER_OBJECT_CONVERSION = YES_AGGRESSIVE;
				CLANG_CXX_LANGUAGE_STANDARD = "gnu++20";
				CLANG_ENABLE_MODULES = YES;
				CLANG_ENABLE_OBJC_ARC = YES;
				CLANG_ENABLE_OBJC_WEAK = YES;
				CLANG_WARN_BLOCK_CAPTURE_AUTORELEASING = YES;
				CLANG_WARN_BOOL_CONVERSION = YES;
				CLANG_WARN_COMMA = YES;
				CLANG_WARN_CONSTANT_CONVERSION = YES;
				CLANG_WARN_DEPRECATED_OBJC_IMPLEMENTATIONS = YES;
				CLANG_WARN_DIRECT_OBJC_ISA_USAGE = YES_ERROR;
				CLANG_WARN_DOCUMENTATION_COMMENTS = YES;
				CLANG_WARN_EMPTY_BODY = YES;
				CLANG_WARN_ENUM_CONVERSION = YES;
				CLANG_WARN_INFINITE_RECURSION = YES;
				CLANG_WARN_INT_CONVERSION = YES;
				CLANG_WARN_NON_LITERAL_NULL_CONVERSION = YES;
				CLANG_WARN_OBJC_IMPLICIT_RETAIN_SELF = YES;
				CLANG_WARN_OBJC_LITERAL_CONVERSION = YES;
				CLANG_WARN_OBJC_ROOT_CLASS = YES_ERROR;
				CLANG_WARN_QUOTED_INCLUDE_IN_FRAMEWORK_HEADER = YES;
				CLANG_WARN_RANGE_LOOP_ANALYSIS = YES;
				CLANG_WARN_STRICT_PROTOTYPES = YES;
				CLANG_WARN_SUSPICIOUS_MOVE = YES;
				CLANG_WARN_UNGUARDED_AVAILABILITY = YES_AGGRESSIVE;
				CLANG_WARN_UNREACHABLE_CODE = YES;
				CLANG_WARN__DUPLICATE_METHOD_MATCH = YES;
				COPY_PHASE_STRIP = NO;
				DEBUG_INFORMATION_FORMAT = dwarf;
				ENABLE_STRICT_OBJC_MSGSEND = YES;
				ENABLE_TESTABILITY = YES;
				ENABLE_USER_SCRIPT_SANDBOXING = YES;
				GCC_C_LANGUAGE_STANDARD = gnu17;
				GCC_DYNAMIC_NO_PIC = NO;
				GCC_NO_COMMON_BLOCKS = YES;
				GCC_OPTIMIZATION_LEVEL = 0;
				GCC_PREPROCESSOR_DEFINITIONS = (
					"DEBUG=1",
					"$(inherited)",
				);
				GCC_WARN_64_TO_32_BIT_CONVERSION = YES;
				GCC_WARN_ABOUT_RETURN_TYPE = YES_ERROR;
				GCC_WARN_UNDECLARED_SELECTOR = YES;
				GCC_WARN_UNINITIALIZED_AUTOS = YES_AGGRESSIVE;
				GCC_WARN_UNUSED_FUNCTION = YES;
				GCC_WARN_UNUSED_VARIABLE = YES;
				IPHONEOS_DEPLOYMENT_TARGET = 17.2;
				LOCALIZATION_PREFERS_STRING_CATALOGS = YES;
				MTL_ENABLE_DEBUG_INFO = INCLUDE_SOURCE;
				MTL_FAST_MATH = YES;
				ONLY_ACTIVE_ARCH = YES;
				SDKROOT = iphoneos;
				SWIFT_ACTIVE_COMPILATION_CONDITIONS = "DEBUG $(inherited)";
				SWIFT_OPTIMIZATION_LEVEL = "-Onone";
			};
			name = Debug;
		};
		ECCA1A882B761CD800EB4BD1 /* Release */ = {
			isa = XCBuildConfiguration;
			buildSettings = {
				ALWAYS_SEARCH_USER_PATHS = NO;
				ASSETCATALOG_COMPILER_GENERATE_SWIFT_ASSET_SYMBOL_EXTENSIONS = YES;
				CLANG_ANALYZER_NONNULL = YES;
				CLANG_ANALYZER_NUMBER_OBJECT_CONVERSION = YES_AGGRESSIVE;
				CLANG_CXX_LANGUAGE_STANDARD = "gnu++20";
				CLANG_ENABLE_MODULES = YES;
				CLANG_ENABLE_OBJC_ARC = YES;
				CLANG_ENABLE_OBJC_WEAK = YES;
				CLANG_WARN_BLOCK_CAPTURE_AUTORELEASING = YES;
				CLANG_WARN_BOOL_CONVERSION = YES;
				CLANG_WARN_COMMA = YES;
				CLANG_WARN_CONSTANT_CONVERSION = YES;
				CLANG_WARN_DEPRECATED_OBJC_IMPLEMENTATIONS = YES;
				CLANG_WARN_DIRECT_OBJC_ISA_USAGE = YES_ERROR;
				CLANG_WARN_DOCUMENTATION_COMMENTS = YES;
				CLANG_WARN_EMPTY_BODY = YES;
				CLANG_WARN_ENUM_CONVERSION = YES;
				CLANG_WARN_INFINITE_RECURSION = YES;
				CLANG_WARN_INT_CONVERSION = YES;
				CLANG_WARN_NON_LITERAL_NULL_CONVERSION = YES;
				CLANG_WARN_OBJC_IMPLICIT_RETAIN_SELF = YES;
				CLANG_WARN_OBJC_LITERAL_CONVERSION = YES;
				CLANG_WARN_OBJC_ROOT_CLASS = YES_ERROR;
				CLANG_WARN_QUOTED_INCLUDE_IN_FRAMEWORK_HEADER = YES;
				CLANG_WARN_RANGE_LOOP_ANALYSIS = YES;
				CLANG_WARN_STRICT_PROTOTYPES = YES;
				CLANG_WARN_SUSPICIOUS_MOVE = YES;
				CLANG_WARN_UNGUARDED_AVAILABILITY = YES_AGGRESSIVE;
				CLANG_WARN_UNREACHABLE_CODE = YES;
				CLANG_WARN__DUPLICATE_METHOD_MATCH = YES;
				COPY_PHASE_STRIP = NO;
				DEBUG_INFORMATION_FORMAT = "dwarf-with-dsym";
				ENABLE_NS_ASSERTIONS = NO;
				ENABLE_STRICT_OBJC_MSGSEND = YES;
				ENABLE_USER_SCRIPT_SANDBOXING = YES;
				GCC_C_LANGUAGE_STANDARD = gnu17;
				GCC_NO_COMMON_BLOCKS = YES;
				GCC_WARN_64_TO_32_BIT_CONVERSION = YES;
				GCC_WARN_ABOUT_RETURN_TYPE = YES_ERROR;
				GCC_WARN_UNDECLARED_SELECTOR = YES;
				GCC_WARN_UNINITIALIZED_AUTOS = YES_AGGRESSIVE;
				GCC_WARN_UNUSED_FUNCTION = YES;
				GCC_WARN_UNUSED_VARIABLE = YES;
				IPHONEOS_DEPLOYMENT_TARGET = 17.2;
				LOCALIZATION_PREFERS_STRING_CATALOGS = YES;
				MTL_ENABLE_DEBUG_INFO = NO;
				MTL_FAST_MATH = YES;
				SDKROOT = iphoneos;
				SWIFT_COMPILATION_MODE = wholemodule;
				VALIDATE_PRODUCT = YES;
			};
			name = Release;
		};
		ECCA1A8A2B761CD800EB4BD1 /* Debug */ = {
			isa = XCBuildConfiguration;
			buildSettings = {
				ASSETCATALOG_COMPILER_APPICON_NAME = AppIcon;
				ASSETCATALOG_COMPILER_GLOBAL_ACCENT_COLOR_NAME = AccentColor;
				CODE_SIGN_STYLE = Automatic;
				CURRENT_PROJECT_VERSION = 1;
				GENERATE_INFOPLIST_FILE = YES;
				INFOPLIST_FILE = Weather/Info.plist;
				INFOPLIST_KEY_UIApplicationSupportsIndirectInputEvents = YES;
				INFOPLIST_KEY_UILaunchStoryboardName = LaunchScreen;
				INFOPLIST_KEY_UIMainStoryboardFile = "";
				INFOPLIST_KEY_UISupportedInterfaceOrientations = UIInterfaceOrientationPortrait;
				INFOPLIST_KEY_UISupportedInterfaceOrientations_iPad = "UIInterfaceOrientationLandscapeLeft UIInterfaceOrientationLandscapeRight UIInterfaceOrientationPortrait UIInterfaceOrientationPortraitUpsideDown";
				LD_RUNPATH_SEARCH_PATHS = (
					"$(inherited)",
					"@executable_path/Frameworks",
				);
				MARKETING_VERSION = 1.0;
				PRODUCT_BUNDLE_IDENTIFIER = com.olrae.Weather;
				PRODUCT_NAME = "$(TARGET_NAME)";
				SUPPORTED_PLATFORMS = "iphoneos iphonesimulator";
				SUPPORTS_MACCATALYST = NO;
				SUPPORTS_MAC_DESIGNED_FOR_IPHONE_IPAD = NO;
				SUPPORTS_XR_DESIGNED_FOR_IPHONE_IPAD = NO;
				SWIFT_EMIT_LOC_STRINGS = YES;
				SWIFT_VERSION = 5.0;
				TARGETED_DEVICE_FAMILY = 1;
			};
			name = Debug;
		};
		ECCA1A8B2B761CD800EB4BD1 /* Release */ = {
			isa = XCBuildConfiguration;
			buildSettings = {
				ASSETCATALOG_COMPILER_APPICON_NAME = AppIcon;
				ASSETCATALOG_COMPILER_GLOBAL_ACCENT_COLOR_NAME = AccentColor;
				CODE_SIGN_STYLE = Automatic;
				CURRENT_PROJECT_VERSION = 1;
				GENERATE_INFOPLIST_FILE = YES;
				INFOPLIST_FILE = Weather/Info.plist;
				INFOPLIST_KEY_UIApplicationSupportsIndirectInputEvents = YES;
				INFOPLIST_KEY_UILaunchStoryboardName = LaunchScreen;
				INFOPLIST_KEY_UIMainStoryboardFile = "";
				INFOPLIST_KEY_UISupportedInterfaceOrientations = UIInterfaceOrientationPortrait;
				INFOPLIST_KEY_UISupportedInterfaceOrientations_iPad = "UIInterfaceOrientationLandscapeLeft UIInterfaceOrientationLandscapeRight UIInterfaceOrientationPortrait UIInterfaceOrientationPortraitUpsideDown";
				LD_RUNPATH_SEARCH_PATHS = (
					"$(inherited)",
					"@executable_path/Frameworks",
				);
				MARKETING_VERSION = 1.0;
				PRODUCT_BUNDLE_IDENTIFIER = com.olrae.Weather;
				PRODUCT_NAME = "$(TARGET_NAME)";
				SUPPORTED_PLATFORMS = "iphoneos iphonesimulator";
				SUPPORTS_MACCATALYST = NO;
				SUPPORTS_MAC_DESIGNED_FOR_IPHONE_IPAD = NO;
				SUPPORTS_XR_DESIGNED_FOR_IPHONE_IPAD = NO;
				SWIFT_EMIT_LOC_STRINGS = YES;
				SWIFT_VERSION = 5.0;
				TARGETED_DEVICE_FAMILY = 1;
			};
			name = Release;
		};
/* End XCBuildConfiguration section */

/* Begin XCConfigurationList section */
		ECCA1A702B761CD600EB4BD1 /* Build configuration list for PBXProject "Weather" */ = {
			isa = XCConfigurationList;
			buildConfigurations = (
				ECCA1A872B761CD800EB4BD1 /* Debug */,
				ECCA1A882B761CD800EB4BD1 /* Release */,
			);
			defaultConfigurationIsVisible = 0;
			defaultConfigurationName = Release;
		};
		ECCA1A892B761CD800EB4BD1 /* Build configuration list for PBXNativeTarget "Weather" */ = {
			isa = XCConfigurationList;
			buildConfigurations = (
				ECCA1A8A2B761CD800EB4BD1 /* Debug */,
				ECCA1A8B2B761CD800EB4BD1 /* Release */,
			);
			defaultConfigurationIsVisible = 0;
			defaultConfigurationName = Release;
		};
/* End XCConfigurationList section */

/* Begin XCRemoteSwiftPackageReference section */
		ECCA1A912B761EA500EB4BD1 /* XCRemoteSwiftPackageReference "SnapKit" */ = {
			isa = XCRemoteSwiftPackageReference;
			repositoryURL = "https://github.com/SnapKit/SnapKit.git";
			requirement = {
				kind = upToNextMajorVersion;
				minimumVersion = 5.7.0;
			};
		};
		ECCA1A942B761EB100EB4BD1 /* XCRemoteSwiftPackageReference "Alamofire" */ = {
			isa = XCRemoteSwiftPackageReference;
			repositoryURL = "https://github.com/Alamofire/Alamofire.git";
			requirement = {
				kind = upToNextMajorVersion;
				minimumVersion = 5.8.1;
			};
		};
		ECCA1ABF2B776B0F00EB4BD1 /* XCRemoteSwiftPackageReference "Kingfisher" */ = {
			isa = XCRemoteSwiftPackageReference;
			repositoryURL = "https://github.com/onevcat/Kingfisher.git";
			requirement = {
				kind = upToNextMajorVersion;
				minimumVersion = 7.10.2;
			};
		};
/* End XCRemoteSwiftPackageReference section */

/* Begin XCSwiftPackageProductDependency section */
		ECCA1A922B761EA500EB4BD1 /* SnapKit */ = {
			isa = XCSwiftPackageProductDependency;
			package = ECCA1A912B761EA500EB4BD1 /* XCRemoteSwiftPackageReference "SnapKit" */;
			productName = SnapKit;
		};
		ECCA1A952B761EB100EB4BD1 /* Alamofire */ = {
			isa = XCSwiftPackageProductDependency;
			package = ECCA1A942B761EB100EB4BD1 /* XCRemoteSwiftPackageReference "Alamofire" */;
			productName = Alamofire;
		};
		ECCA1AC02B776B0F00EB4BD1 /* Kingfisher */ = {
			isa = XCSwiftPackageProductDependency;
			package = ECCA1ABF2B776B0F00EB4BD1 /* XCRemoteSwiftPackageReference "Kingfisher" */;
			productName = Kingfisher;
		};
/* End XCSwiftPackageProductDependency section */
	};
	rootObject = ECCA1A6D2B761CD600EB4BD1 /* Project object */;
}
